<?xml version="1.0" encoding="utf-8"?>
<Project ToolsVersion="4.0" xmlns="http://schemas.microsoft.com/developer/msbuild/2003">
  <ItemGroup>
    <ClCompile Include="main.cpp">
      <Filter>Framework</Filter>
    </ClCompile>
    <ClCompile Include="define.cpp">
      <Filter>Framework\Define</Filter>
    </ClCompile>
    <ClCompile Include="GameObject.cpp">
      <Filter>Object</Filter>
    </ClCompile>
    <ClCompile Include="Camera.cpp">
      <Filter>Framework\Camera</Filter>
    </ClCompile>
    <ClCompile Include="Brick.cpp">
      <Filter>Object\Ground</Filter>
    </ClCompile>
    <ClCompile Include="Game.cpp">
      <Filter>Framework</Filter>
    </ClCompile>
    <ClCompile Include="Grid.cpp">
      <Filter>Framework\Grid</Filter>
    </ClCompile>
    <ClCompile Include="Simon.cpp">
      <Filter>Player</Filter>
    </ClCompile>
    <ClCompile Include="Torch.cpp">
      <Filter>Object\Ground</Filter>
    </ClCompile>
    <ClCompile Include="MorningStar.cpp">
      <Filter>Object\Weapon</Filter>
    </ClCompile>
    <ClCompile Include="debug.cpp">
      <Filter>Framework\Debug</Filter>
    </ClCompile>
    <ClCompile Include="Item.cpp">
      <Filter>Object\Item</Filter>
    </ClCompile>
    <ClCompile Include="ObjectHidden.cpp">
      <Filter>Object</Filter>
    </ClCompile>
    <ClCompile Include="Scene.cpp">
      <Filter>Framework\Scene</Filter>
    </ClCompile>
    <ClCompile Include="PlayScene.cpp">
      <Filter>Framework\Scene</Filter>
    </ClCompile>
    <ClCompile Include="Utils.cpp">
      <Filter>Framework\Utils</Filter>
    </ClCompile>
    <ClCompile Include="TileMap.cpp">
      <Filter>Framework\Map</Filter>
    </ClCompile>
    <ClCompile Include="Tile.cpp">
      <Filter>Framework\Map</Filter>
    </ClCompile>
    <ClCompile Include="Sprites.cpp">
      <Filter>Framework\UI</Filter>
    </ClCompile>
    <ClCompile Include="Textures.cpp">
      <Filter>Framework\UI</Filter>
    </ClCompile>
    <ClCompile Include="Animations.cpp">
      <Filter>Framework\UI</Filter>
    </ClCompile>
    <ClCompile Include="Cell.cpp">
      <Filter>Framework\Grid</Filter>
    </ClCompile>
    <ClCompile Include="BoundingMap.cpp">
      <Filter>Object\BoundingMap</Filter>
    </ClCompile>
    <ClCompile Include="Effect.cpp">
      <Filter>Object\Effect</Filter>
    </ClCompile>
    <ClCompile Include="CollisionEffect.cpp">
      <Filter>Object\Effect</Filter>
    </ClCompile>
    <ClCompile Include="DeadEffect.cpp">
      <Filter>Object\Effect</Filter>
    </ClCompile>
    <ClCompile Include="Candle.cpp">
      <Filter>Object\Ground</Filter>
    </ClCompile>
    <ClCompile Include="ItemBoard.cpp">
      <Filter>Framework\Board</Filter>
    </ClCompile>
    <ClCompile Include="ScoreBoard.cpp">
      <Filter>ScoreBoard</Filter>
    </ClCompile>
    <ClCompile Include="HP.cpp">
      <Filter>Framework\Board</Filter>
    </ClCompile>
    <ClCompile Include="StairBottom.cpp">
      <Filter>Object\Ground</Filter>
    </ClCompile>
    <ClCompile Include="StairTop.cpp">
      <Filter>Object\Ground</Filter>
    </ClCompile>
    <ClCompile Include="Enemy.cpp">
      <Filter>Object\Enemy</Filter>
    </ClCompile>
    <ClCompile Include="BlackKnight.cpp">
      <Filter>Object\Enemy</Filter>
    </ClCompile>
    <ClCompile Include="VampireBat.cpp">
      <Filter>Object\Enemy</Filter>
    </ClCompile>
    <ClCompile Include="Ground.cpp">
      <Filter>Object\Ground</Filter>
    </ClCompile>
  </ItemGroup>
  <ItemGroup>
    <ClInclude Include="define.h">
      <Filter>Framework\Define</Filter>
    </ClInclude>
    <ClInclude Include="GameObject.h">
      <Filter>Object</Filter>
    </ClInclude>
    <ClInclude Include="Camera.h">
      <Filter>Framework\Camera</Filter>
    </ClInclude>
    <ClInclude Include="Brick.h">
      <Filter>Object\Ground</Filter>
    </ClInclude>
    <ClInclude Include="Game.h">
      <Filter>Framework</Filter>
    </ClInclude>
    <ClInclude Include="Simon.h">
      <Filter>Player</Filter>
    </ClInclude>
    <ClInclude Include="Torch.h">
      <Filter>Object\Ground</Filter>
    </ClInclude>
    <ClInclude Include="MorningStar.h">
      <Filter>Object\Weapon</Filter>
    </ClInclude>
    <ClInclude Include="debug.h">
      <Filter>Framework\Debug</Filter>
    </ClInclude>
    <ClInclude Include="Item.h">
      <Filter>Object\Item</Filter>
    </ClInclude>
    <ClInclude Include="ObjectHidden.h">
      <Filter>Object</Filter>
    </ClInclude>
    <ClInclude Include="Scene.h">
      <Filter>Framework\Scene</Filter>
    </ClInclude>
    <ClInclude Include="PlayScene.h">
      <Filter>Framework\Scene</Filter>
    </ClInclude>
    <ClInclude Include="Utils.h">
      <Filter>Framework\Utils</Filter>
    </ClInclude>
    <ClInclude Include="KeyEventHandler.h">
      <Filter>Framework\Keyboard</Filter>
    </ClInclude>
    <ClInclude Include="Grid.h">
      <Filter>Framework\Grid</Filter>
    </ClInclude>
    <ClInclude Include="TileMap.h">
      <Filter>Framework\Map</Filter>
    </ClInclude>
    <ClInclude Include="Tile.h">
      <Filter>Framework\Map</Filter>
    </ClInclude>
    <ClInclude Include="Sprites.h">
      <Filter>Framework\UI</Filter>
    </ClInclude>
    <ClInclude Include="Textures.h">
      <Filter>Framework\UI</Filter>
    </ClInclude>
    <ClInclude Include="Animations.h">
      <Filter>Framework\UI</Filter>
    </ClInclude>
    <ClInclude Include="Cell.h">
      <Filter>Framework\Grid</Filter>
    </ClInclude>
    <ClInclude Include="BoundingMap.h">
      <Filter>Object\BoundingMap</Filter>
    </ClInclude>
    <ClInclude Include="Effect.h">
      <Filter>Object\Effect</Filter>
    </ClInclude>
    <ClInclude Include="CollisionEffect.h">
      <Filter>Object\Effect</Filter>
    </ClInclude>
    <ClInclude Include="DeadEffect.h">
      <Filter>Object\Effect</Filter>
    </ClInclude>
    <ClInclude Include="Candle.h">
      <Filter>Object\Ground</Filter>
    </ClInclude>
    <ClInclude Include="ItemBoard.h">
      <Filter>Framework\Board</Filter>
    </ClInclude>
    <ClInclude Include="ScoreBoard.h">
      <Filter>ScoreBoard</Filter>
    </ClInclude>
    <ClInclude Include="HP.h">
      <Filter>Framework\Board</Filter>
    </ClInclude>
    <ClInclude Include="StairBottom.h">
      <Filter>Object\Ground</Filter>
    </ClInclude>
    <ClInclude Include="StairTop.h">
      <Filter>Object\Ground</Filter>
    </ClInclude>
    <ClInclude Include="Enemy.h">
      <Filter>Object\Enemy</Filter>
    </ClInclude>
    <ClInclude Include="BlackKnight.h">
      <Filter>Object\Enemy</Filter>
    </ClInclude>
    <ClInclude Include="VampireBat.h">
      <Filter>Object\Enemy</Filter>
    </ClInclude>
    <ClInclude Include="Ground.h">
      <Filter>Object\Ground</Filter>
    </ClInclude>
  </ItemGroup>
  <ItemGroup>
    <Filter Include="Framework">
      <UniqueIdentifier>{59c90432-2e1f-4ef8-a1a8-7f7e46ab8123}</UniqueIdentifier>
    </Filter>
    <Filter Include="Framework\Define">
      <UniqueIdentifier>{a4b56e58-ce8f-4290-a703-10207636f8c2}</UniqueIdentifier>
    </Filter>
    <Filter Include="Player">
      <UniqueIdentifier>{a1462d77-ab06-4dec-9408-86c35e4bab07}</UniqueIdentifier>
    </Filter>
    <Filter Include="Framework\Map">
      <UniqueIdentifier>{0faecd9b-1d9d-4a7f-8fbd-cb69b31c0599}</UniqueIdentifier>
    </Filter>
    <Filter Include="Framework\Camera">
      <UniqueIdentifier>{d94051ad-a4c4-4685-aff1-7168095dc6f9}</UniqueIdentifier>
    </Filter>
    <Filter Include="Object">
      <UniqueIdentifier>{07c8ee41-a12d-4074-ab7a-94fdc80360be}</UniqueIdentifier>
    </Filter>
    <Filter Include="Object\Ground">
      <UniqueIdentifier>{72083239-6ae6-4d0a-951d-8f493ec85e3d}</UniqueIdentifier>
    </Filter>
    <Filter Include="Framework\Grid">
      <UniqueIdentifier>{04c0e51c-83d1-4f59-8c3a-73884ce3fddf}</UniqueIdentifier>
    </Filter>
    <Filter Include="Object\Weapon">
      <UniqueIdentifier>{444901f6-5fb3-4466-b1ab-576f361cdd1b}</UniqueIdentifier>
    </Filter>
    <Filter Include="Framework\Debug">
      <UniqueIdentifier>{dfb43383-ef23-4a2b-ba06-790f57a296f2}</UniqueIdentifier>
    </Filter>
    <Filter Include="Object\Item">
      <UniqueIdentifier>{5c6daaa9-a099-4a7c-ab4d-2ff70a828313}</UniqueIdentifier>
    </Filter>
    <Filter Include="Framework\Scene">
      <UniqueIdentifier>{d520f41d-ba63-47a6-9a37-05c672886d19}</UniqueIdentifier>
    </Filter>
    <Filter Include="Framework\Utils">
      <UniqueIdentifier>{93ea65d1-95fe-4f20-b6a2-c8bc21e9a2c5}</UniqueIdentifier>
    </Filter>
    <Filter Include="Framework\Keyboard">
      <UniqueIdentifier>{c1017810-030b-4baf-9de4-9d7b5d8face3}</UniqueIdentifier>
    </Filter>
    <Filter Include="Object\BoundingMap">
      <UniqueIdentifier>{a38588d4-28db-4321-b757-700416e42ae3}</UniqueIdentifier>
    </Filter>
    <Filter Include="Object\Effect">
      <UniqueIdentifier>{822bb622-1cc2-4a02-9494-03199d53842c}</UniqueIdentifier>
    </Filter>
    <Filter Include="Framework\Board">
      <UniqueIdentifier>{1488bf1b-81d3-4d85-a6c8-8ed9457f716a}</UniqueIdentifier>
    </Filter>
    <Filter Include="ScoreBoard">
      <UniqueIdentifier>{7a0aca95-420e-4e9d-a479-ffaa45421ade}</UniqueIdentifier>
    </Filter>
    <Filter Include="Framework\UI">
      <UniqueIdentifier>{860a8b8a-e5f8-409f-ba75-74bfa582b643}</UniqueIdentifier>
    </Filter>
    <Filter Include="Object\Enemy">
      <UniqueIdentifier>{6288a8b4-2a50-4c8d-93e0-46b834d254bf}</UniqueIdentifier>
    </Filter>
  </ItemGroup>
</Project>