
Microsoft Visual Studio Solution File, Format Version 12.00
# Visual Studio 15
VisualStudioVersion = 15.0.27130.2036
MinimumVisualStudioVersion = 10.0.40219.1
Project("{FAE04EC0-301F-11D3-BF4B-00C04F79EFBC}") = "EditorV4", "EditorV4\EditorV4.csproj", "{04C3353F-7780-4E44-8F38-6242F5347ACB}"
EndProject
Global
	GlobalSection(SolutionConfigurationPlatforms) = preSolution
		Debug|Any CPU = Debug|Any CPU
		Release|Any CPU = Release|Any CPU
	EndGlobalSection
	GlobalSection(ProjectConfigurationPlatforms) = postSolution
		{04C3353F-7780-4E44-8F38-6242F5347ACB}.Debug|Any CPU.ActiveCfg = Debug|Any CPU
		{04C3353F-7780-4E44-8F38-6242F5347ACB}.Debug|Any CPU.Build.0 = Debug|Any CPU
		{04C3353F-7780-4E44-8F38-6242F5347ACB}.Release|Any CPU.ActiveCfg = Release|Any CPU
		{04C3353F-7780-4E44-8F38-6242F5347ACB}.Release|Any CPU.Build.0 = Release|Any CPU
	EndGlobalSection
	GlobalSection(SolutionProperties) = preSolution
		HideSolutionNode = FALSE
	EndGlobalSection
	GlobalSection(ExtensibilityGlobals) = postSolution
		SolutionGuid = {A7AE4D70-AE33-49A4-846D-6B343267DC13}
	EndGlobalSection
EndGlobal
